
Microsoft Visual Studio Solution File, Format Version 12.00
# Visual Studio 15
VisualStudioVersion = 15.0.27130.2027
MinimumVisualStudioVersion = 10.0.40219.1
Project("{FAE04EC0-301F-11D3-BF4B-00C04F79EFBC}") = "emailpipe", "emailpipe\emailpipe.csproj", "{88385594-4BA0-48A3-94DE-CA388B3C1EB7}"
EndProject
Project("{FAE04EC0-301F-11D3-BF4B-00C04F79EFBC}") = "emailpipeConsole", "emailpipeConsole\emailpipeConsole.csproj", "{31E794AA-825E-4837-94B1-345B496F3EC9}"
EndProject
Project("{FAE04EC0-301F-11D3-BF4B-00C04F79EFBC}") = "Emailpipe.Common", "Emailpipe.Common\Emailpipe.Common.csproj", "{14A1969C-A5B8-4506-AFE1-F264C73E556A}"
EndProject
Project("{FAE04EC0-301F-11D3-BF4B-00C04F79EFBC}") = "Emailpipe.Mail", "Emailpipe.Mail\Emailpipe.Mail.csproj", "{D15A4DB3-6DFE-4CC2-BAC6-2F25CD370988}"
EndProject
Project("{FAE04EC0-301F-11D3-BF4B-00C04F79EFBC}") = "Emailpipe.Mail.Test", "Emailpipe.Mail.Test\Emailpipe.Mail.Test.csproj", "{30BFB004-4BA5-4F9A-AD80-2789E6712E21}"
EndProject
Project("{FAE04EC0-301F-11D3-BF4B-00C04F79EFBC}") = "Emailpipe.Api", "Emailpipe.Api\Emailpipe.Api.csproj", "{2D62C167-DB13-4991-B452-8CE42BBE8520}"
EndProject
Project("{FAE04EC0-301F-11D3-BF4B-00C04F79EFBC}") = "Emailpipe.Api.Test", "Emailpipe.Api.Test\Emailpipe.Api.Test.csproj", "{A476DF9D-28C3-4DC6-83F0-5469E22F07CB}"
EndProject
Global
	GlobalSection(SolutionConfigurationPlatforms) = preSolution
		Debug|Any CPU = Debug|Any CPU
		Release|Any CPU = Release|Any CPU
	EndGlobalSection
	GlobalSection(ProjectConfigurationPlatforms) = postSolution
		{88385594-4BA0-48A3-94DE-CA388B3C1EB7}.Debug|Any CPU.ActiveCfg = Debug|Any CPU
		{88385594-4BA0-48A3-94DE-CA388B3C1EB7}.Debug|Any CPU.Build.0 = Debug|Any CPU
		{88385594-4BA0-48A3-94DE-CA388B3C1EB7}.Release|Any CPU.ActiveCfg = Release|Any CPU
		{88385594-4BA0-48A3-94DE-CA388B3C1EB7}.Release|Any CPU.Build.0 = Release|Any CPU
		{31E794AA-825E-4837-94B1-345B496F3EC9}.Debug|Any CPU.ActiveCfg = Debug|Any CPU
		{31E794AA-825E-4837-94B1-345B496F3EC9}.Debug|Any CPU.Build.0 = Debug|Any CPU
		{31E794AA-825E-4837-94B1-345B496F3EC9}.Release|Any CPU.ActiveCfg = Release|Any CPU
		{31E794AA-825E-4837-94B1-345B496F3EC9}.Release|Any CPU.Build.0 = Release|Any CPU
		{14A1969C-A5B8-4506-AFE1-F264C73E556A}.Debug|Any CPU.ActiveCfg = Debug|Any CPU
		{14A1969C-A5B8-4506-AFE1-F264C73E556A}.Debug|Any CPU.Build.0 = Debug|Any CPU
		{14A1969C-A5B8-4506-AFE1-F264C73E556A}.Release|Any CPU.ActiveCfg = Release|Any CPU
		{14A1969C-A5B8-4506-AFE1-F264C73E556A}.Release|Any CPU.Build.0 = Release|Any CPU
		{D15A4DB3-6DFE-4CC2-BAC6-2F25CD370988}.Debug|Any CPU.ActiveCfg = Debug|Any CPU
		{D15A4DB3-6DFE-4CC2-BAC6-2F25CD370988}.Debug|Any CPU.Build.0 = Debug|Any CPU
		{D15A4DB3-6DFE-4CC2-BAC6-2F25CD370988}.Release|Any CPU.ActiveCfg = Release|Any CPU
		{D15A4DB3-6DFE-4CC2-BAC6-2F25CD370988}.Release|Any CPU.Build.0 = Release|Any CPU
		{30BFB004-4BA5-4F9A-AD80-2789E6712E21}.Debug|Any CPU.ActiveCfg = Debug|Any CPU
		{30BFB004-4BA5-4F9A-AD80-2789E6712E21}.Debug|Any CPU.Build.0 = Debug|Any CPU
		{30BFB004-4BA5-4F9A-AD80-2789E6712E21}.Release|Any CPU.ActiveCfg = Release|Any CPU
		{30BFB004-4BA5-4F9A-AD80-2789E6712E21}.Release|Any CPU.Build.0 = Release|Any CPU
		{2D62C167-DB13-4991-B452-8CE42BBE8520}.Debug|Any CPU.ActiveCfg = Debug|Any CPU
		{2D62C167-DB13-4991-B452-8CE42BBE8520}.Debug|Any CPU.Build.0 = Debug|Any CPU
		{2D62C167-DB13-4991-B452-8CE42BBE8520}.Release|Any CPU.ActiveCfg = Release|Any CPU
		{2D62C167-DB13-4991-B452-8CE42BBE8520}.Release|Any CPU.Build.0 = Release|Any CPU
		{A476DF9D-28C3-4DC6-83F0-5469E22F07CB}.Debug|Any CPU.ActiveCfg = Debug|Any CPU
		{A476DF9D-28C3-4DC6-83F0-5469E22F07CB}.Debug|Any CPU.Build.0 = Debug|Any CPU
		{A476DF9D-28C3-4DC6-83F0-5469E22F07CB}.Release|Any CPU.ActiveCfg = Release|Any CPU
		{A476DF9D-28C3-4DC6-83F0-5469E22F07CB}.Release|Any CPU.Build.0 = Release|Any CPU
	EndGlobalSection
	GlobalSection(SolutionProperties) = preSolution
		HideSolutionNode = FALSE
	EndGlobalSection
	GlobalSection(ExtensibilityGlobals) = postSolution
		SolutionGuid = {B65B8AE5-AAC1-4346-B45F-57CEA11871C0}
	EndGlobalSection
EndGlobal
