
Microsoft Visual Studio Solution File, Format Version 12.00
# Visual Studio 15
VisualStudioVersion = 15.0.27130.2027
MinimumVisualStudioVersion = 10.0.40219.1
Project("{FAE04EC0-301F-11D3-BF4B-00C04F79EFBC}") = "emailpipe", "emailpipe\emailpipe.csproj", "{88385594-4BA0-48A3-94DE-CA388B3C1EB7}"
EndProject
Project("{FAE04EC0-301F-11D3-BF4B-00C04F79EFBC}") = "emailpipeConsole", "emailpipeConsole\emailpipeConsole.csproj", "{31E794AA-825E-4837-94B1-345B496F3EC9}"
EndProject
Project("{2150E333-8FDC-42A3-9474-1A3956D46DE8}") = "Api", "Api", "{D15F33BD-6DC9-4F44-B2E6-156B9292502F}"
EndProject
Project("{FAE04EC0-301F-11D3-BF4B-00C04F79EFBC}") = "api.core", "Api.core\api.core.csproj", "{754C8758-E4DA-4F42-87BE-1CF7662B1D8E}"
EndProject
Project("{FAE04EC0-301F-11D3-BF4B-00C04F79EFBC}") = "api.test", "Api.test\api.test.csproj", "{627DE1A5-A26C-482F-B780-598050BF6822}"
EndProject
Project("{2150E333-8FDC-42A3-9474-1A3956D46DE8}") = "Mail", "Mail", "{84F2012F-DBCD-424C-B17A-C03D0B7AEC0A}"
EndProject
Project("{FAE04EC0-301F-11D3-BF4B-00C04F79EFBC}") = "mail.core", "mail.core\mail.core.csproj", "{D5391C70-56E3-4164-9337-4A00561D81E3}"
EndProject
Project("{FAE04EC0-301F-11D3-BF4B-00C04F79EFBC}") = "mail.test", "mail.test\mail.test.csproj", "{AFA64CAC-4878-4929-87A0-8A4CF5212068}"
EndProject
Project("{2150E333-8FDC-42A3-9474-1A3956D46DE8}") = "Crypto", "Crypto", "{0D5AA79D-6714-4763-A720-BA5D60EB7360}"
EndProject
Project("{FAE04EC0-301F-11D3-BF4B-00C04F79EFBC}") = "crypto", "crypto\crypto.csproj", "{8BD2A92C-C703-463E-9977-9E1AE012D6CD}"
EndProject
Project("{2150E333-8FDC-42A3-9474-1A3956D46DE8}") = "Shared", "Shared", "{E8A71F7F-D8EE-4A2B-8A72-A9A7E34DE13B}"
EndProject
Project("{FAE04EC0-301F-11D3-BF4B-00C04F79EFBC}") = "Shared", "Shared\Shared.csproj", "{D1209027-9E38-4A9B-B223-8656B7744160}"
EndProject
Global
	GlobalSection(SolutionConfigurationPlatforms) = preSolution
		Debug|Any CPU = Debug|Any CPU
		Release|Any CPU = Release|Any CPU
	EndGlobalSection
	GlobalSection(ProjectConfigurationPlatforms) = postSolution
		{88385594-4BA0-48A3-94DE-CA388B3C1EB7}.Debug|Any CPU.ActiveCfg = Debug|Any CPU
		{88385594-4BA0-48A3-94DE-CA388B3C1EB7}.Debug|Any CPU.Build.0 = Debug|Any CPU
		{88385594-4BA0-48A3-94DE-CA388B3C1EB7}.Release|Any CPU.ActiveCfg = Release|Any CPU
		{88385594-4BA0-48A3-94DE-CA388B3C1EB7}.Release|Any CPU.Build.0 = Release|Any CPU
		{31E794AA-825E-4837-94B1-345B496F3EC9}.Debug|Any CPU.ActiveCfg = Debug|Any CPU
		{31E794AA-825E-4837-94B1-345B496F3EC9}.Debug|Any CPU.Build.0 = Debug|Any CPU
		{31E794AA-825E-4837-94B1-345B496F3EC9}.Release|Any CPU.ActiveCfg = Release|Any CPU
		{31E794AA-825E-4837-94B1-345B496F3EC9}.Release|Any CPU.Build.0 = Release|Any CPU
		{754C8758-E4DA-4F42-87BE-1CF7662B1D8E}.Debug|Any CPU.ActiveCfg = Debug|Any CPU
		{754C8758-E4DA-4F42-87BE-1CF7662B1D8E}.Debug|Any CPU.Build.0 = Debug|Any CPU
		{754C8758-E4DA-4F42-87BE-1CF7662B1D8E}.Release|Any CPU.ActiveCfg = Release|Any CPU
		{754C8758-E4DA-4F42-87BE-1CF7662B1D8E}.Release|Any CPU.Build.0 = Release|Any CPU
		{627DE1A5-A26C-482F-B780-598050BF6822}.Debug|Any CPU.ActiveCfg = Debug|Any CPU
		{627DE1A5-A26C-482F-B780-598050BF6822}.Debug|Any CPU.Build.0 = Debug|Any CPU
		{627DE1A5-A26C-482F-B780-598050BF6822}.Release|Any CPU.ActiveCfg = Release|Any CPU
		{627DE1A5-A26C-482F-B780-598050BF6822}.Release|Any CPU.Build.0 = Release|Any CPU
		{D5391C70-56E3-4164-9337-4A00561D81E3}.Debug|Any CPU.ActiveCfg = Debug|Any CPU
		{D5391C70-56E3-4164-9337-4A00561D81E3}.Debug|Any CPU.Build.0 = Debug|Any CPU
		{D5391C70-56E3-4164-9337-4A00561D81E3}.Release|Any CPU.ActiveCfg = Release|Any CPU
		{D5391C70-56E3-4164-9337-4A00561D81E3}.Release|Any CPU.Build.0 = Release|Any CPU
		{AFA64CAC-4878-4929-87A0-8A4CF5212068}.Debug|Any CPU.ActiveCfg = Debug|Any CPU
		{AFA64CAC-4878-4929-87A0-8A4CF5212068}.Debug|Any CPU.Build.0 = Debug|Any CPU
		{AFA64CAC-4878-4929-87A0-8A4CF5212068}.Release|Any CPU.ActiveCfg = Release|Any CPU
		{AFA64CAC-4878-4929-87A0-8A4CF5212068}.Release|Any CPU.Build.0 = Release|Any CPU
		{8BD2A92C-C703-463E-9977-9E1AE012D6CD}.Debug|Any CPU.ActiveCfg = Debug|Any CPU
		{8BD2A92C-C703-463E-9977-9E1AE012D6CD}.Debug|Any CPU.Build.0 = Debug|Any CPU
		{8BD2A92C-C703-463E-9977-9E1AE012D6CD}.Release|Any CPU.ActiveCfg = Release|Any CPU
		{8BD2A92C-C703-463E-9977-9E1AE012D6CD}.Release|Any CPU.Build.0 = Release|Any CPU
		{D1209027-9E38-4A9B-B223-8656B7744160}.Debug|Any CPU.ActiveCfg = Debug|Any CPU
		{D1209027-9E38-4A9B-B223-8656B7744160}.Debug|Any CPU.Build.0 = Debug|Any CPU
		{D1209027-9E38-4A9B-B223-8656B7744160}.Release|Any CPU.ActiveCfg = Release|Any CPU
		{D1209027-9E38-4A9B-B223-8656B7744160}.Release|Any CPU.Build.0 = Release|Any CPU
	EndGlobalSection
	GlobalSection(SolutionProperties) = preSolution
		HideSolutionNode = FALSE
	EndGlobalSection
	GlobalSection(NestedProjects) = preSolution
		{754C8758-E4DA-4F42-87BE-1CF7662B1D8E} = {D15F33BD-6DC9-4F44-B2E6-156B9292502F}
		{627DE1A5-A26C-482F-B780-598050BF6822} = {D15F33BD-6DC9-4F44-B2E6-156B9292502F}
		{D5391C70-56E3-4164-9337-4A00561D81E3} = {84F2012F-DBCD-424C-B17A-C03D0B7AEC0A}
		{AFA64CAC-4878-4929-87A0-8A4CF5212068} = {84F2012F-DBCD-424C-B17A-C03D0B7AEC0A}
		{8BD2A92C-C703-463E-9977-9E1AE012D6CD} = {0D5AA79D-6714-4763-A720-BA5D60EB7360}
		{D1209027-9E38-4A9B-B223-8656B7744160} = {E8A71F7F-D8EE-4A2B-8A72-A9A7E34DE13B}
	EndGlobalSection
	GlobalSection(ExtensibilityGlobals) = postSolution
		SolutionGuid = {B65B8AE5-AAC1-4346-B45F-57CEA11871C0}
	EndGlobalSection
EndGlobal
